
Microsoft Visual Studio Solution File, Format Version 12.00
# Visual Studio Version 17
VisualStudioVersion = 17.7.34031.279
MinimumVisualStudioVersion = 10.0.40219.1
Project("{FAE04EC0-301F-11D3-BF4B-00C04F79EFBC}") = "RSA", "RSA.csproj", "{A1C60EC3-F103-4DB9-9D89-A26DAEB29979}"
EndProject
Global
	GlobalSection(SolutionConfigurationPlatforms) = preSolution
		Debug|Any CPU = Debug|Any CPU
		Release|Any CPU = Release|Any CPU
	EndGlobalSection
	GlobalSection(ProjectConfigurationPlatforms) = postSolution
		{A1C60EC3-F103-4DB9-9D89-A26DAEB29979}.Debug|Any CPU.ActiveCfg = Debug|Any CPU
		{A1C60EC3-F103-4DB9-9D89-A26DAEB29979}.Debug|Any CPU.Build.0 = Debug|Any CPU
		{A1C60EC3-F103-4DB9-9D89-A26DAEB29979}.Release|Any CPU.ActiveCfg = Release|Any CPU
		{A1C60EC3-F103-4DB9-9D89-A26DAEB29979}.Release|Any CPU.Build.0 = Release|Any CPU
	EndGlobalSection
	GlobalSection(SolutionProperties) = preSolution
		HideSolutionNode = FALSE
	EndGlobalSection
	GlobalSection(ExtensibilityGlobals) = postSolution
		SolutionGuid = {6DF0CD28-132E-45FC-B02B-DE90868F61DF}
	EndGlobalSection
EndGlobal
