
Microsoft Visual Studio Solution File, Format Version 12.00
# Visual Studio Version 17
VisualStudioVersion = 17.7.34031.279
MinimumVisualStudioVersion = 10.0.40219.1
Project("{FAE04EC0-301F-11D3-BF4B-00C04F79EFBC}") = "Arraylist _GenericList_Dictionary", "Arraylist _GenericList_Dictionary.csproj", "{630F5D2B-78F4-42EB-9E14-379555C725E3}"
EndProject
Global
	GlobalSection(SolutionConfigurationPlatforms) = preSolution
		Debug|Any CPU = Debug|Any CPU
		Release|Any CPU = Release|Any CPU
	EndGlobalSection
	GlobalSection(ProjectConfigurationPlatforms) = postSolution
		{630F5D2B-78F4-42EB-9E14-379555C725E3}.Debug|Any CPU.ActiveCfg = Debug|Any CPU
		{630F5D2B-78F4-42EB-9E14-379555C725E3}.Debug|Any CPU.Build.0 = Debug|Any CPU
		{630F5D2B-78F4-42EB-9E14-379555C725E3}.Release|Any CPU.ActiveCfg = Release|Any CPU
		{630F5D2B-78F4-42EB-9E14-379555C725E3}.Release|Any CPU.Build.0 = Release|Any CPU
	EndGlobalSection
	GlobalSection(SolutionProperties) = preSolution
		HideSolutionNode = FALSE
	EndGlobalSection
	GlobalSection(ExtensibilityGlobals) = postSolution
		SolutionGuid = {D7708A94-C644-48FF-ACE9-8C0BC38C4DDC}
	EndGlobalSection
EndGlobal
