
Microsoft Visual Studio Solution File, Format Version 12.00
# Visual Studio Version 17
VisualStudioVersion = 17.7.34031.279
MinimumVisualStudioVersion = 10.0.40219.1
Project("{FAE04EC0-301F-11D3-BF4B-00C04F79EFBC}") = "TasKagitMakas", "TasKagitMakas.csproj", "{6C698E21-0854-42C7-B8F2-0DB8BEED17B1}"
EndProject
Global
	GlobalSection(SolutionConfigurationPlatforms) = preSolution
		Debug|Any CPU = Debug|Any CPU
		Release|Any CPU = Release|Any CPU
	EndGlobalSection
	GlobalSection(ProjectConfigurationPlatforms) = postSolution
		{6C698E21-0854-42C7-B8F2-0DB8BEED17B1}.Debug|Any CPU.ActiveCfg = Debug|Any CPU
		{6C698E21-0854-42C7-B8F2-0DB8BEED17B1}.Debug|Any CPU.Build.0 = Debug|Any CPU
		{6C698E21-0854-42C7-B8F2-0DB8BEED17B1}.Release|Any CPU.ActiveCfg = Release|Any CPU
		{6C698E21-0854-42C7-B8F2-0DB8BEED17B1}.Release|Any CPU.Build.0 = Release|Any CPU
	EndGlobalSection
	GlobalSection(SolutionProperties) = preSolution
		HideSolutionNode = FALSE
	EndGlobalSection
	GlobalSection(ExtensibilityGlobals) = postSolution
		SolutionGuid = {14C12552-F98A-46B7-A9AC-2EB1A1F077D9}
	EndGlobalSection
EndGlobal
